// !$*UTF8*$!
{
	archiveVersion = 1;
	classes = {
	};
	objectVersion = 46;
	objects = {

/* Begin PBXBuildFile section */
		373029C9B311D7737F60CBEB /* libPods-Take_the_find.a in Frameworks */ = {isa = PBXBuildFile; fileRef = 102ED9B08E56801316B3AADB /* libPods-Take_the_find.a */; };
		BC18C9BC1D9AA01E002AE6E8 /* GUOCommitCell.swift in Sources */ = {isa = PBXBuildFile; fileRef = BC18C9BA1D9AA01E002AE6E8 /* GUOCommitCell.swift */; };
		BC18C9BD1D9AA01E002AE6E8 /* GUOCommitCell.xib in Resources */ = {isa = PBXBuildFile; fileRef = BC18C9BB1D9AA01E002AE6E8 /* GUOCommitCell.xib */; };
		BC1A3E0D1D9A8971004258CF /* GUODZDetailview.swift in Sources */ = {isa = PBXBuildFile; fileRef = BC1A3E0C1D9A8971004258CF /* GUODZDetailview.swift */; };
		BC1A3E0F1D9A8981004258CF /* GUODZDetailview.xib in Resources */ = {isa = PBXBuildFile; fileRef = BC1A3E0E1D9A8981004258CF /* GUODZDetailview.xib */; };
		BC1A3E111D9A940C004258CF /* GUOCommitViewController.swift in Sources */ = {isa = PBXBuildFile; fileRef = BC1A3E101D9A940B004258CF /* GUOCommitViewController.swift */; };
		BC1A3E131D9A9509004258CF /* GUOCommitModel.swift in Sources */ = {isa = PBXBuildFile; fileRef = BC1A3E121D9A9509004258CF /* GUOCommitModel.swift */; };
		BC2236CC1D96138C00D87BAA /* GUONextVideoViewController.swift in Sources */ = {isa = PBXBuildFile; fileRef = BC2236CB1D96138C00D87BAA /* GUONextVideoViewController.swift */; };
		BC4EF3801D93AA0100748931 /* LoginAndResgiest.swift in Sources */ = {isa = PBXBuildFile; fileRef = BC4EF37F1D93AA0100748931 /* LoginAndResgiest.swift */; };
		BC5CB0FB1D98B2FD00A57B17 /* CFDanmaku.m in Sources */ = {isa = PBXBuildFile; fileRef = BC5CB0F61D98B2FD00A57B17 /* CFDanmaku.m */; };
		BC5CB0FC1D98B2FD00A57B17 /* CFDanmakuInfo.m in Sources */ = {isa = PBXBuildFile; fileRef = BC5CB0F81D98B2FD00A57B17 /* CFDanmakuInfo.m */; };
		BC5CB0FD1D98B2FD00A57B17 /* CFDanmakuView.m in Sources */ = {isa = PBXBuildFile; fileRef = BC5CB0FA1D98B2FD00A57B17 /* CFDanmakuView.m */; };
		BC5CB1001D98E5A100A57B17 /* SJWaveView.m in Sources */ = {isa = PBXBuildFile; fileRef = BC5CB0FF1D98E5A100A57B17 /* SJWaveView.m */; };
		BC5CB1021D98F85900A57B17 /* DuanZModel.swift in Sources */ = {isa = PBXBuildFile; fileRef = BC5CB1011D98F85900A57B17 /* DuanZModel.swift */; };
		BC5CB1051D99077200A57B17 /* GUODuanZiTableViewCell.swift in Sources */ = {isa = PBXBuildFile; fileRef = BC5CB1031D99077200A57B17 /* GUODuanZiTableViewCell.swift */; };
		BC5CB1061D99077200A57B17 /* GUODuanZiTableViewCell.xib in Resources */ = {isa = PBXBuildFile; fileRef = BC5CB1041D99077200A57B17 /* GUODuanZiTableViewCell.xib */; };
		BC5CB1081D991AEA00A57B17 /* GUODNextViewController.swift in Sources */ = {isa = PBXBuildFile; fileRef = BC5CB1071D991AEA00A57B17 /* GUODNextViewController.swift */; };
		BC5CB10E1D9947B900A57B17 /* GUOJokeSuperViewController.swift in Sources */ = {isa = PBXBuildFile; fileRef = BC5CB10D1D9947B900A57B17 /* GUOJokeSuperViewController.swift */; };
		BC659B281D95218D00947E12 /* alertSex.xib in Resources */ = {isa = PBXBuildFile; fileRef = BC659B191D95218D00947E12 /* alertSex.xib */; };
		BC659B291D95218D00947E12 /* GUOalertSexViewController.swift in Sources */ = {isa = PBXBuildFile; fileRef = BC659B1A1D95218D00947E12 /* GUOalertSexViewController.swift */; };
		BC659B2A1D95218D00947E12 /* GUOmessageDetailViewController.swift in Sources */ = {isa = PBXBuildFile; fileRef = BC659B1B1D95218D00947E12 /* GUOmessageDetailViewController.swift */; };
		BC659B2B1D95218D00947E12 /* GUOMessageViewController.swift in Sources */ = {isa = PBXBuildFile; fileRef = BC659B1D1D95218D00947E12 /* GUOMessageViewController.swift */; };
		BC659B2C1D95218D00947E12 /* GUOMessageViewController.xib in Resources */ = {isa = PBXBuildFile; fileRef = BC659B1E1D95218D00947E12 /* GUOMessageViewController.xib */; };
		BC659B2D1D95218D00947E12 /* GUOLoginViewController.swift in Sources */ = {isa = PBXBuildFile; fileRef = BC659B201D95218D00947E12 /* GUOLoginViewController.swift */; };
		BC659B2E1D95218D00947E12 /* GUOLoginViewController.xib in Resources */ = {isa = PBXBuildFile; fileRef = BC659B211D95218D00947E12 /* GUOLoginViewController.xib */; };
		BC659B2F1D95218D00947E12 /* NewUserController.swift in Sources */ = {isa = PBXBuildFile; fileRef = BC659B221D95218D00947E12 /* NewUserController.swift */; };
		BC659B301D95218D00947E12 /* NewUserController.xib in Resources */ = {isa = PBXBuildFile; fileRef = BC659B231D95218D00947E12 /* NewUserController.xib */; };
		BC659B311D95218D00947E12 /* DisMissAnimation.swift in Sources */ = {isa = PBXBuildFile; fileRef = BC659B251D95218D00947E12 /* DisMissAnimation.swift */; };
		BC659B321D95218D00947E12 /* MyPresententContrller.swift in Sources */ = {isa = PBXBuildFile; fileRef = BC659B261D95218D00947E12 /* MyPresententContrller.swift */; };
		BC659B331D95218D00947E12 /* PresentAnimation.swift in Sources */ = {isa = PBXBuildFile; fileRef = BC659B271D95218D00947E12 /* PresentAnimation.swift */; };
		BC659B351D95219E00947E12 /* Mine.plist in Resources */ = {isa = PBXBuildFile; fileRef = BC659B341D95219E00947E12 /* Mine.plist */; };
		BC659B391D9521BB00947E12 /* STPickerView.m in Sources */ = {isa = PBXBuildFile; fileRef = BC659B381D9521BB00947E12 /* STPickerView.m */; };
		BC659B3F1D95240500947E12 /* NSCalendar+ST.m in Sources */ = {isa = PBXBuildFile; fileRef = BC659B3C1D95240500947E12 /* NSCalendar+ST.m */; };
		BC659B401D95240500947E12 /* STPickerDate.m in Sources */ = {isa = PBXBuildFile; fileRef = BC659B3E1D95240500947E12 /* STPickerDate.m */; };
		BC659B491D95244700947E12 /* STConst.m in Sources */ = {isa = PBXBuildFile; fileRef = BC659B441D95244700947E12 /* STConst.m */; };
		BC659B4A1D95244700947E12 /* STUI.m in Sources */ = {isa = PBXBuildFile; fileRef = BC659B461D95244700947E12 /* STUI.m */; };
		BC659B4B1D95244700947E12 /* UIView+ST.m in Sources */ = {isa = PBXBuildFile; fileRef = BC659B481D95244700947E12 /* UIView+ST.m */; };
		BC659B4D1D952BE900947E12 /* NickViewxib.xib in Resources */ = {isa = PBXBuildFile; fileRef = BC659B4C1D952BE900947E12 /* NickViewxib.xib */; };
		BC659B4F1D952E5400947E12 /* SignatureView.xib in Resources */ = {isa = PBXBuildFile; fileRef = BC659B4E1D952E5400947E12 /* SignatureView.xib */; };
		BC659B511D9530C500947E12 /* alterPicview.xib in Resources */ = {isa = PBXBuildFile; fileRef = BC659B501D9530C500947E12 /* alterPicview.xib */; };
		BC659B531D95418000947E12 /* alterPassword.xib in Resources */ = {isa = PBXBuildFile; fileRef = BC659B521D95418000947E12 /* alterPassword.xib */; };
		BC669EB61D91217800892ED0 /* Assets.xcassets in Resources */ = {isa = PBXBuildFile; fileRef = BC669EB51D91217800892ED0 /* Assets.xcassets */; };
		BC669EB91D91217800892ED0 /* LaunchScreen.storyboard in Resources */ = {isa = PBXBuildFile; fileRef = BC669EB71D91217800892ED0 /* LaunchScreen.storyboard */; };
		BC6A3A6D1D9270F700025A4C /* Constant.swift in Sources */ = {isa = PBXBuildFile; fileRef = BC6A39DE1D9270F700025A4C /* Constant.swift */; };
		BC6A3A6E1D9270F700025A4C /* GUOBaseViewController.swift in Sources */ = {isa = PBXBuildFile; fileRef = BC6A39DF1D9270F700025A4C /* GUOBaseViewController.swift */; };
		BC6A3A6F1D9270F700025A4C /* GUOJokeViewController.swift in Sources */ = {isa = PBXBuildFile; fileRef = BC6A39E21D9270F700025A4C /* GUOJokeViewController.swift */; };
		BC6A3A701D9270F700025A4C /* AppDelegate.swift in Sources */ = {isa = PBXBuildFile; fileRef = BC6A39E61D9270F700025A4C /* AppDelegate.swift */; };
		BC6A3A711D9270F700025A4C /* GUOTabBarViewController.swift in Sources */ = {isa = PBXBuildFile; fileRef = BC6A39E71D9270F700025A4C /* GUOTabBarViewController.swift */; };
		BC6A3A721D9270F700025A4C /* GUOMyinfoViewController.swift in Sources */ = {isa = PBXBuildFile; fileRef = BC6A39EA1D9270F700025A4C /* GUOMyinfoViewController.swift */; };
		BC6A3A731D9270F700025A4C /* GUOSerachDetailViewController.swift in Sources */ = {isa = PBXBuildFile; fileRef = BC6A39EF1D9270F700025A4C /* GUOSerachDetailViewController.swift */; };
		BC6A3A741D9270F700025A4C /* NextViewController.swift in Sources */ = {isa = PBXBuildFile; fileRef = BC6A39F01D9270F700025A4C /* NextViewController.swift */; };
		BC6A3A751D9270F700025A4C /* PictureCollectionController.swift in Sources */ = {isa = PBXBuildFile; fileRef = BC6A39F11D9270F700025A4C /* PictureCollectionController.swift */; };
		BC6A3A761D9270F700025A4C /* PictureSearchViewController.swift in Sources */ = {isa = PBXBuildFile; fileRef = BC6A39F21D9270F700025A4C /* PictureSearchViewController.swift */; };
		BC6A3A771D9270F700025A4C /* PictureViewController.swift in Sources */ = {isa = PBXBuildFile; fileRef = BC6A39F31D9270F700025A4C /* PictureViewController.swift */; };
		BC6A3A781D9270F700025A4C /* PictureModel.swift in Sources */ = {isa = PBXBuildFile; fileRef = BC6A39F51D9270F700025A4C /* PictureModel.swift */; };
		BC6A3A791D9270F700025A4C /* GUOPictureSearchCell.swift in Sources */ = {isa = PBXBuildFile; fileRef = BC6A39F71D9270F700025A4C /* GUOPictureSearchCell.swift */; };
		BC6A3A7A1D9270F700025A4C /* PictureCollectionCell.swift in Sources */ = {isa = PBXBuildFile; fileRef = BC6A39F81D9270F700025A4C /* PictureCollectionCell.swift */; };
		BC6A3A7B1D9270F700025A4C /* PictureCollectionCell.xib in Resources */ = {isa = PBXBuildFile; fileRef = BC6A39F91D9270F700025A4C /* PictureCollectionCell.xib */; };
		BC6A3AAD1D9270F700025A4C /* GUOVideosViewController.swift in Sources */ = {isa = PBXBuildFile; fileRef = BC6A3A6A1D9270F700025A4C /* GUOVideosViewController.swift */; };
		BC6A3AAF1D92714A00025A4C /* VideoModel.swift in Sources */ = {isa = PBXBuildFile; fileRef = BC6A3AAE1D92714A00025A4C /* VideoModel.swift */; };
		BC6A3AD31D929CF500025A4C /* GUOVideoViewCell.swift in Sources */ = {isa = PBXBuildFile; fileRef = BC6A3AD21D929CF500025A4C /* GUOVideoViewCell.swift */; };
		BC6A3AD61D929D1A00025A4C /* GUOVideoDetailCell.swift in Sources */ = {isa = PBXBuildFile; fileRef = BC6A3AD41D929D1A00025A4C /* GUOVideoDetailCell.swift */; };
		BC6A3AD71D929D1A00025A4C /* GUOVideoDetailCell.xib in Resources */ = {isa = PBXBuildFile; fileRef = BC6A3AD51D929D1A00025A4C /* GUOVideoDetailCell.xib */; };
		BC6A3AD91D92C15B00025A4C /* GUOHeadView.swift in Sources */ = {isa = PBXBuildFile; fileRef = BC6A3AD81D92C15B00025A4C /* GUOHeadView.swift */; };
		BC6A3ADB1D92C16A00025A4C /* GUOHeadView.xib in Resources */ = {isa = PBXBuildFile; fileRef = BC6A3ADA1D92C16A00025A4C /* GUOHeadView.xib */; };
		BCD1BCD61D964A7D0020E146 /* GUOVideoHead.xib in Resources */ = {isa = PBXBuildFile; fileRef = BCD1BCD51D964A7D0020E146 /* GUOVideoHead.xib */; };
		BCD1BCE51D9679DE0020E146 /* WMPlayer.bundle in Resources */ = {isa = PBXBuildFile; fileRef = BCD1BCE21D9679DE0020E146 /* WMPlayer.bundle */; };
		BCD1BCE61D9679DE0020E146 /* WMPlayer.m in Sources */ = {isa = PBXBuildFile; fileRef = BCD1BCE41D9679DE0020E146 /* WMPlayer.m */; };
/* End PBXBuildFile section */

/* Begin PBXFileReference section */
		102ED9B08E56801316B3AADB /* libPods-Take_the_find.a */ = {isa = PBXFileReference; explicitFileType = archive.ar; includeInIndex = 0; path = "libPods-Take_the_find.a"; sourceTree = BUILT_PRODUCTS_DIR; };
		4C2353E39C584E82632A735A /* Pods-Take_the_find.debug.xcconfig */ = {isa = PBXFileReference; includeInIndex = 1; lastKnownFileType = text.xcconfig; name = "Pods-Take_the_find.debug.xcconfig"; path = "Pods/Target Support Files/Pods-Take_the_find/Pods-Take_the_find.debug.xcconfig"; sourceTree = "<group>"; };
		7B742CEE365AC36F5C69F048 /* Pods-Take_the_find.release.xcconfig */ = {isa = PBXFileReference; includeInIndex = 1; lastKnownFileType = text.xcconfig; name = "Pods-Take_the_find.release.xcconfig"; path = "Pods/Target Support Files/Pods-Take_the_find/Pods-Take_the_find.release.xcconfig"; sourceTree = "<group>"; };
		BC18C9BA1D9AA01E002AE6E8 /* GUOCommitCell.swift */ = {isa = PBXFileReference; fileEncoding = 4; lastKnownFileType = sourcecode.swift; path = GUOCommitCell.swift; sourceTree = "<group>"; };
		BC18C9BB1D9AA01E002AE6E8 /* GUOCommitCell.xib */ = {isa = PBXFileReference; fileEncoding = 4; lastKnownFileType = file.xib; path = GUOCommitCell.xib; sourceTree = "<group>"; };
		BC1A3E0C1D9A8971004258CF /* GUODZDetailview.swift */ = {isa = PBXFileReference; fileEncoding = 4; lastKnownFileType = sourcecode.swift; path = GUODZDetailview.swift; sourceTree = "<group>"; };
		BC1A3E0E1D9A8981004258CF /* GUODZDetailview.xib */ = {isa = PBXFileReference; fileEncoding = 4; lastKnownFileType = file.xib; path = GUODZDetailview.xib; sourceTree = "<group>"; };
		BC1A3E101D9A940B004258CF /* GUOCommitViewController.swift */ = {isa = PBXFileReference; fileEncoding = 4; lastKnownFileType = sourcecode.swift; path = GUOCommitViewController.swift; sourceTree = "<group>"; };
		BC1A3E121D9A9509004258CF /* GUOCommitModel.swift */ = {isa = PBXFileReference; fileEncoding = 4; lastKnownFileType = sourcecode.swift; path = GUOCommitModel.swift; sourceTree = "<group>"; };
		BC2236CB1D96138C00D87BAA /* GUONextVideoViewController.swift */ = {isa = PBXFileReference; fileEncoding = 4; lastKnownFileType = sourcecode.swift; path = GUONextVideoViewController.swift; sourceTree = "<group>"; };
		BC4EF37F1D93AA0100748931 /* LoginAndResgiest.swift */ = {isa = PBXFileReference; fileEncoding = 4; lastKnownFileType = sourcecode.swift; path = LoginAndResgiest.swift; sourceTree = "<group>"; };
		BC5CB0F51D98B2FD00A57B17 /* CFDanmaku.h */ = {isa = PBXFileReference; fileEncoding = 4; lastKnownFileType = sourcecode.c.h; path = CFDanmaku.h; sourceTree = "<group>"; };
		BC5CB0F61D98B2FD00A57B17 /* CFDanmaku.m */ = {isa = PBXFileReference; fileEncoding = 4; lastKnownFileType = sourcecode.c.objc; path = CFDanmaku.m; sourceTree = "<group>"; };
		BC5CB0F71D98B2FD00A57B17 /* CFDanmakuInfo.h */ = {isa = PBXFileReference; fileEncoding = 4; lastKnownFileType = sourcecode.c.h; path = CFDanmakuInfo.h; sourceTree = "<group>"; };
		BC5CB0F81D98B2FD00A57B17 /* CFDanmakuInfo.m */ = {isa = PBXFileReference; fileEncoding = 4; lastKnownFileType = sourcecode.c.objc; path = CFDanmakuInfo.m; sourceTree = "<group>"; };
		BC5CB0F91D98B2FD00A57B17 /* CFDanmakuView.h */ = {isa = PBXFileReference; fileEncoding = 4; lastKnownFileType = sourcecode.c.h; path = CFDanmakuView.h; sourceTree = "<group>"; };
		BC5CB0FA1D98B2FD00A57B17 /* CFDanmakuView.m */ = {isa = PBXFileReference; fileEncoding = 4; lastKnownFileType = sourcecode.c.objc; path = CFDanmakuView.m; sourceTree = "<group>"; };
		BC5CB0FE1D98E5A100A57B17 /* SJWaveView.h */ = {isa = PBXFileReference; fileEncoding = 4; lastKnownFileType = sourcecode.c.h; path = SJWaveView.h; sourceTree = "<group>"; };
		BC5CB0FF1D98E5A100A57B17 /* SJWaveView.m */ = {isa = PBXFileReference; fileEncoding = 4; lastKnownFileType = sourcecode.c.objc; path = SJWaveView.m; sourceTree = "<group>"; };
		BC5CB1011D98F85900A57B17 /* DuanZModel.swift */ = {isa = PBXFileReference; fileEncoding = 4; lastKnownFileType = sourcecode.swift; path = DuanZModel.swift; sourceTree = "<group>"; };
		BC5CB1031D99077200A57B17 /* GUODuanZiTableViewCell.swift */ = {isa = PBXFileReference; fileEncoding = 4; lastKnownFileType = sourcecode.swift; path = GUODuanZiTableViewCell.swift; sourceTree = "<group>"; };
		BC5CB1041D99077200A57B17 /* GUODuanZiTableViewCell.xib */ = {isa = PBXFileReference; fileEncoding = 4; lastKnownFileType = file.xib; path = GUODuanZiTableViewCell.xib; sourceTree = "<group>"; };
		BC5CB1071D991AEA00A57B17 /* GUODNextViewController.swift */ = {isa = PBXFileReference; fileEncoding = 4; lastKnownFileType = sourcecode.swift; path = GUODNextViewController.swift; sourceTree = "<group>"; };
		BC5CB10D1D9947B900A57B17 /* GUOJokeSuperViewController.swift */ = {isa = PBXFileReference; fileEncoding = 4; lastKnownFileType = sourcecode.swift; path = GUOJokeSuperViewController.swift; sourceTree = "<group>"; };
		BC659B191D95218D00947E12 /* alertSex.xib */ = {isa = PBXFileReference; fileEncoding = 4; lastKnownFileType = file.xib; path = alertSex.xib; sourceTree = "<group>"; };
		BC659B1A1D95218D00947E12 /* GUOalertSexViewController.swift */ = {isa = PBXFileReference; fileEncoding = 4; lastKnownFileType = sourcecode.swift; path = GUOalertSexViewController.swift; sourceTree = "<group>"; };
		BC659B1B1D95218D00947E12 /* GUOmessageDetailViewController.swift */ = {isa = PBXFileReference; fileEncoding = 4; lastKnownFileType = sourcecode.swift; path = GUOmessageDetailViewController.swift; sourceTree = "<group>"; };
		BC659B1D1D95218D00947E12 /* GUOMessageViewController.swift */ = {isa = PBXFileReference; fileEncoding = 4; lastKnownFileType = sourcecode.swift; path = GUOMessageViewController.swift; sourceTree = "<group>"; };
		BC659B1E1D95218D00947E12 /* GUOMessageViewController.xib */ = {isa = PBXFileReference; fileEncoding = 4; lastKnownFileType = file.xib; path = GUOMessageViewController.xib; sourceTree = "<group>"; };
		BC659B201D95218D00947E12 /* GUOLoginViewController.swift */ = {isa = PBXFileReference; fileEncoding = 4; lastKnownFileType = sourcecode.swift; path = GUOLoginViewController.swift; sourceTree = "<group>"; };
		BC659B211D95218D00947E12 /* GUOLoginViewController.xib */ = {isa = PBXFileReference; fileEncoding = 4; lastKnownFileType = file.xib; path = GUOLoginViewController.xib; sourceTree = "<group>"; };
		BC659B221D95218D00947E12 /* NewUserController.swift */ = {isa = PBXFileReference; fileEncoding = 4; lastKnownFileType = sourcecode.swift; path = NewUserController.swift; sourceTree = "<group>"; };
		BC659B231D95218D00947E12 /* NewUserController.xib */ = {isa = PBXFileReference; fileEncoding = 4; lastKnownFileType = file.xib; path = NewUserController.xib; sourceTree = "<group>"; };
		BC659B251D95218D00947E12 /* DisMissAnimation.swift */ = {isa = PBXFileReference; fileEncoding = 4; lastKnownFileType = sourcecode.swift; path = DisMissAnimation.swift; sourceTree = "<group>"; };
		BC659B261D95218D00947E12 /* MyPresententContrller.swift */ = {isa = PBXFileReference; fileEncoding = 4; lastKnownFileType = sourcecode.swift; path = MyPresententContrller.swift; sourceTree = "<group>"; };
		BC659B271D95218D00947E12 /* PresentAnimation.swift */ = {isa = PBXFileReference; fileEncoding = 4; lastKnownFileType = sourcecode.swift; path = PresentAnimation.swift; sourceTree = "<group>"; };
		BC659B341D95219E00947E12 /* Mine.plist */ = {isa = PBXFileReference; fileEncoding = 4; lastKnownFileType = text.plist.xml; path = Mine.plist; sourceTree = "<group>"; };
		BC659B371D9521BB00947E12 /* STPickerView.h */ = {isa = PBXFileReference; fileEncoding = 4; lastKnownFileType = sourcecode.c.h; path = STPickerView.h; sourceTree = "<group>"; };
		BC659B381D9521BB00947E12 /* STPickerView.m */ = {isa = PBXFileReference; fileEncoding = 4; lastKnownFileType = sourcecode.c.objc; path = STPickerView.m; sourceTree = "<group>"; };
		BC659B3B1D95240500947E12 /* NSCalendar+ST.h */ = {isa = PBXFileReference; fileEncoding = 4; lastKnownFileType = sourcecode.c.h; path = "NSCalendar+ST.h"; sourceTree = "<group>"; };
		BC659B3C1D95240500947E12 /* NSCalendar+ST.m */ = {isa = PBXFileReference; fileEncoding = 4; lastKnownFileType = sourcecode.c.objc; path = "NSCalendar+ST.m"; sourceTree = "<group>"; };
		BC659B3D1D95240500947E12 /* STPickerDate.h */ = {isa = PBXFileReference; fileEncoding = 4; lastKnownFileType = sourcecode.c.h; path = STPickerDate.h; sourceTree = "<group>"; };
		BC659B3E1D95240500947E12 /* STPickerDate.m */ = {isa = PBXFileReference; fileEncoding = 4; lastKnownFileType = sourcecode.c.objc; path = STPickerDate.m; sourceTree = "<group>"; };
		BC659B421D95244700947E12 /* STConfig.h */ = {isa = PBXFileReference; fileEncoding = 4; lastKnownFileType = sourcecode.c.h; path = STConfig.h; sourceTree = "<group>"; };
		BC659B431D95244700947E12 /* STConst.h */ = {isa = PBXFileReference; fileEncoding = 4; lastKnownFileType = sourcecode.c.h; path = STConst.h; sourceTree = "<group>"; };
		BC659B441D95244700947E12 /* STConst.m */ = {isa = PBXFileReference; fileEncoding = 4; lastKnownFileType = sourcecode.c.objc; path = STConst.m; sourceTree = "<group>"; };
		BC659B451D95244700947E12 /* STUI.h */ = {isa = PBXFileReference; fileEncoding = 4; lastKnownFileType = sourcecode.c.h; path = STUI.h; sourceTree = "<group>"; };
		BC659B461D95244700947E12 /* STUI.m */ = {isa = PBXFileReference; fileEncoding = 4; lastKnownFileType = sourcecode.c.objc; path = STUI.m; sourceTree = "<group>"; };
		BC659B471D95244700947E12 /* UIView+ST.h */ = {isa = PBXFileReference; fileEncoding = 4; lastKnownFileType = sourcecode.c.h; path = "UIView+ST.h"; sourceTree = "<group>"; };
		BC659B481D95244700947E12 /* UIView+ST.m */ = {isa = PBXFileReference; fileEncoding = 4; lastKnownFileType = sourcecode.c.objc; path = "UIView+ST.m"; sourceTree = "<group>"; };
		BC659B4C1D952BE900947E12 /* NickViewxib.xib */ = {isa = PBXFileReference; fileEncoding = 4; lastKnownFileType = file.xib; name = NickViewxib.xib; path = "../个人信息详情/NickViewxib.xib"; sourceTree = "<group>"; };
		BC659B4E1D952E5400947E12 /* SignatureView.xib */ = {isa = PBXFileReference; fileEncoding = 4; lastKnownFileType = file.xib; path = SignatureView.xib; sourceTree = "<group>"; };
		BC659B501D9530C500947E12 /* alterPicview.xib */ = {isa = PBXFileReference; fileEncoding = 4; lastKnownFileType = file.xib; path = alterPicview.xib; sourceTree = "<group>"; };
		BC659B521D95418000947E12 /* alterPassword.xib */ = {isa = PBXFileReference; fileEncoding = 4; lastKnownFileType = file.xib; path = alterPassword.xib; sourceTree = "<group>"; };
		BC669EAB1D91217800892ED0 /* Take_the_find.app */ = {isa = PBXFileReference; explicitFileType = wrapper.application; includeInIndex = 0; path = Take_the_find.app; sourceTree = BUILT_PRODUCTS_DIR; };
		BC669EB51D91217800892ED0 /* Assets.xcassets */ = {isa = PBXFileReference; lastKnownFileType = folder.assetcatalog; path = Assets.xcassets; sourceTree = "<group>"; };
		BC669EB81D91217800892ED0 /* Base */ = {isa = PBXFileReference; lastKnownFileType = file.storyboard; name = Base; path = Base.lproj/LaunchScreen.storyboard; sourceTree = "<group>"; };
		BC669EBA1D91217800892ED0 /* Info.plist */ = {isa = PBXFileReference; lastKnownFileType = text.plist.xml; path = Info.plist; sourceTree = "<group>"; };
		BC6A39DE1D9270F700025A4C /* Constant.swift */ = {isa = PBXFileReference; fileEncoding = 4; lastKnownFileType = sourcecode.swift; path = Constant.swift; sourceTree = "<group>"; };
		BC6A39DF1D9270F700025A4C /* GUOBaseViewController.swift */ = {isa = PBXFileReference; fileEncoding = 4; lastKnownFileType = sourcecode.swift; path = GUOBaseViewController.swift; sourceTree = "<group>"; };
		BC6A39E21D9270F700025A4C /* GUOJokeViewController.swift */ = {isa = PBXFileReference; fileEncoding = 4; lastKnownFileType = sourcecode.swift; path = GUOJokeViewController.swift; sourceTree = "<group>"; };
		BC6A39E61D9270F700025A4C /* AppDelegate.swift */ = {isa = PBXFileReference; fileEncoding = 4; lastKnownFileType = sourcecode.swift; path = AppDelegate.swift; sourceTree = "<group>"; };
		BC6A39E71D9270F700025A4C /* GUOTabBarViewController.swift */ = {isa = PBXFileReference; fileEncoding = 4; lastKnownFileType = sourcecode.swift; path = GUOTabBarViewController.swift; sourceTree = "<group>"; };
		BC6A39EA1D9270F700025A4C /* GUOMyinfoViewController.swift */ = {isa = PBXFileReference; fileEncoding = 4; lastKnownFileType = sourcecode.swift; path = GUOMyinfoViewController.swift; sourceTree = "<group>"; };
		BC6A39EF1D9270F700025A4C /* GUOSerachDetailViewController.swift */ = {isa = PBXFileReference; fileEncoding = 4; lastKnownFileType = sourcecode.swift; path = GUOSerachDetailViewController.swift; sourceTree = "<group>"; };
		BC6A39F01D9270F700025A4C /* NextViewController.swift */ = {isa = PBXFileReference; fileEncoding = 4; lastKnownFileType = sourcecode.swift; path = NextViewController.swift; sourceTree = "<group>"; };
		BC6A39F11D9270F700025A4C /* PictureCollectionController.swift */ = {isa = PBXFileReference; fileEncoding = 4; lastKnownFileType = sourcecode.swift; path = PictureCollectionController.swift; sourceTree = "<group>"; };
		BC6A39F21D9270F700025A4C /* PictureSearchViewController.swift */ = {isa = PBXFileReference; fileEncoding = 4; lastKnownFileType = sourcecode.swift; path = PictureSearchViewController.swift; sourceTree = "<group>"; };
		BC6A39F31D9270F700025A4C /* PictureViewController.swift */ = {isa = PBXFileReference; fileEncoding = 4; lastKnownFileType = sourcecode.swift; path = PictureViewController.swift; sourceTree = "<group>"; };
		BC6A39F51D9270F700025A4C /* PictureModel.swift */ = {isa = PBXFileReference; fileEncoding = 4; lastKnownFileType = sourcecode.swift; path = PictureModel.swift; sourceTree = "<group>"; };
		BC6A39F71D9270F700025A4C /* GUOPictureSearchCell.swift */ = {isa = PBXFileReference; fileEncoding = 4; lastKnownFileType = sourcecode.swift; path = GUOPictureSearchCell.swift; sourceTree = "<group>"; };
		BC6A39F81D9270F700025A4C /* PictureCollectionCell.swift */ = {isa = PBXFileReference; fileEncoding = 4; lastKnownFileType = sourcecode.swift; path = PictureCollectionCell.swift; sourceTree = "<group>"; };
		BC6A39F91D9270F700025A4C /* PictureCollectionCell.xib */ = {isa = PBXFileReference; fileEncoding = 4; lastKnownFileType = file.xib; path = PictureCollectionCell.xib; sourceTree = "<group>"; };
		BC6A3A6A1D9270F700025A4C /* GUOVideosViewController.swift */ = {isa = PBXFileReference; fileEncoding = 4; lastKnownFileType = sourcecode.swift; path = GUOVideosViewController.swift; sourceTree = "<group>"; };
		BC6A3AAE1D92714A00025A4C /* VideoModel.swift */ = {isa = PBXFileReference; fileEncoding = 4; lastKnownFileType = sourcecode.swift; path = VideoModel.swift; sourceTree = "<group>"; };
		BC6A3AD21D929CF500025A4C /* GUOVideoViewCell.swift */ = {isa = PBXFileReference; fileEncoding = 4; lastKnownFileType = sourcecode.swift; path = GUOVideoViewCell.swift; sourceTree = "<group>"; };
		BC6A3AD41D929D1A00025A4C /* GUOVideoDetailCell.swift */ = {isa = PBXFileReference; fileEncoding = 4; lastKnownFileType = sourcecode.swift; path = GUOVideoDetailCell.swift; sourceTree = "<group>"; };
		BC6A3AD51D929D1A00025A4C /* GUOVideoDetailCell.xib */ = {isa = PBXFileReference; fileEncoding = 4; lastKnownFileType = file.xib; path = GUOVideoDetailCell.xib; sourceTree = "<group>"; };
		BC6A3AD81D92C15B00025A4C /* GUOHeadView.swift */ = {isa = PBXFileReference; fileEncoding = 4; lastKnownFileType = sourcecode.swift; path = GUOHeadView.swift; sourceTree = "<group>"; };
		BC6A3ADA1D92C16A00025A4C /* GUOHeadView.xib */ = {isa = PBXFileReference; fileEncoding = 4; lastKnownFileType = file.xib; path = GUOHeadView.xib; sourceTree = "<group>"; };
		BC8127331D912A58004051F8 /* zh-Hans */ = {isa = PBXFileReference; lastKnownFileType = text.plist.strings; name = "zh-Hans"; path = "zh-Hans.lproj/LaunchScreen.strings"; sourceTree = "<group>"; };
		BC8127401D9157B0004051F8 /* MyBridge.h */ = {isa = PBXFileReference; fileEncoding = 4; lastKnownFileType = sourcecode.c.h; path = MyBridge.h; sourceTree = "<group>"; };
		BCD1BCD51D964A7D0020E146 /* GUOVideoHead.xib */ = {isa = PBXFileReference; fileEncoding = 4; lastKnownFileType = file.xib; path = GUOVideoHead.xib; sourceTree = "<group>"; };
		BCD1BCE21D9679DE0020E146 /* WMPlayer.bundle */ = {isa = PBXFileReference; lastKnownFileType = "wrapper.plug-in"; path = WMPlayer.bundle; sourceTree = "<group>"; };
		BCD1BCE31D9679DE0020E146 /* WMPlayer.h */ = {isa = PBXFileReference; fileEncoding = 4; lastKnownFileType = sourcecode.c.h; path = WMPlayer.h; sourceTree = "<group>"; };
		BCD1BCE41D9679DE0020E146 /* WMPlayer.m */ = {isa = PBXFileReference; fileEncoding = 4; lastKnownFileType = sourcecode.c.objc; path = WMPlayer.m; sourceTree = "<group>"; };
/* End PBXFileReference section */

/* Begin PBXFrameworksBuildPhase section */
		BC669EA81D91217800892ED0 /* Frameworks */ = {
			isa = PBXFrameworksBuildPhase;
			buildActionMask = 2147483647;
			files = (
				373029C9B311D7737F60CBEB /* libPods-Take_the_find.a in Frameworks */,
			);
			runOnlyForDeploymentPostprocessing = 0;
		};
/* End PBXFrameworksBuildPhase section */

/* Begin PBXGroup section */
		10EE57C00A093EA0578E27C6 /* Pods */ = {
			isa = PBXGroup;
			children = (
				4C2353E39C584E82632A735A /* Pods-Take_the_find.debug.xcconfig */,
				7B742CEE365AC36F5C69F048 /* Pods-Take_the_find.release.xcconfig */,
			);
			name = Pods;
			sourceTree = "<group>";
		};
		B5A874F80AD52E14D36528A4 /* Frameworks */ = {
			isa = PBXGroup;
			children = (
				102ED9B08E56801316B3AADB /* libPods-Take_the_find.a */,
			);
			name = Frameworks;
			sourceTree = "<group>";
		};
		BC5CB0F41D98B2FD00A57B17 /* CFDanmaku */ = {
			isa = PBXGroup;
			children = (
				BC5CB0F51D98B2FD00A57B17 /* CFDanmaku.h */,
				BC5CB0F61D98B2FD00A57B17 /* CFDanmaku.m */,
				BC5CB0F71D98B2FD00A57B17 /* CFDanmakuInfo.h */,
				BC5CB0F81D98B2FD00A57B17 /* CFDanmakuInfo.m */,
				BC5CB0F91D98B2FD00A57B17 /* CFDanmakuView.h */,
				BC5CB0FA1D98B2FD00A57B17 /* CFDanmakuView.m */,
			);
			path = CFDanmaku;
			sourceTree = "<group>";
		};
		BC659B161D95209A00947E12 /* tools */ = {
			isa = PBXGroup;
			children = (
				BC5CB0FE1D98E5A100A57B17 /* SJWaveView.h */,
				BC5CB0FF1D98E5A100A57B17 /* SJWaveView.m */,
				BC5CB0F41D98B2FD00A57B17 /* CFDanmaku */,
				BCD1BCE11D9679DE0020E146 /* WMPlayer */,
				BC659B411D95244700947E12 /* STConfig */,
				BC659B3A1D95240500947E12 /* Date(日期) */,
				BC659B361D9521BB00947E12 /* STPickerView */,
			);
			path = tools;
			sourceTree = "<group>";
		};
		BC659B171D95218D00947E12 /* views */ = {
			isa = PBXGroup;
			children = (
				BC659B181D95218D00947E12 /* 个人信息细节 */,
				BC659B1C1D95218D00947E12 /* 个人信息详情 */,
				BC659B1F1D95218D00947E12 /* 登录注册 */,
				BC659B241D95218D00947E12 /* 转场动画 */,
			);
			path = views;
			sourceTree = "<group>";
		};
		BC659B181D95218D00947E12 /* 个人信息细节 */ = {
			isa = PBXGroup;
			children = (
				BC659B191D95218D00947E12 /* alertSex.xib */,
				BC659B1A1D95218D00947E12 /* GUOalertSexViewController.swift */,
				BC659B1B1D95218D00947E12 /* GUOmessageDetailViewController.swift */,
				BC659B4C1D952BE900947E12 /* NickViewxib.xib */,
				BC659B4E1D952E5400947E12 /* SignatureView.xib */,
				BC659B501D9530C500947E12 /* alterPicview.xib */,
				BC659B521D95418000947E12 /* alterPassword.xib */,
			);
			path = "个人信息细节";
			sourceTree = "<group>";
		};
		BC659B1C1D95218D00947E12 /* 个人信息详情 */ = {
			isa = PBXGroup;
			children = (
				BC659B1D1D95218D00947E12 /* GUOMessageViewController.swift */,
				BC659B1E1D95218D00947E12 /* GUOMessageViewController.xib */,
			);
			path = "个人信息详情";
			sourceTree = "<group>";
		};
		BC659B1F1D95218D00947E12 /* 登录注册 */ = {
			isa = PBXGroup;
			children = (
				BC659B201D95218D00947E12 /* GUOLoginViewController.swift */,
				BC659B211D95218D00947E12 /* GUOLoginViewController.xib */,
				BC659B221D95218D00947E12 /* NewUserController.swift */,
				BC659B231D95218D00947E12 /* NewUserController.xib */,
			);
			path = "登录注册";
			sourceTree = "<group>";
		};
		BC659B241D95218D00947E12 /* 转场动画 */ = {
			isa = PBXGroup;
			children = (
				BC659B251D95218D00947E12 /* DisMissAnimation.swift */,
				BC659B261D95218D00947E12 /* MyPresententContrller.swift */,
				BC659B271D95218D00947E12 /* PresentAnimation.swift */,
			);
			path = "转场动画";
			sourceTree = "<group>";
		};
		BC659B361D9521BB00947E12 /* STPickerView */ = {
			isa = PBXGroup;
			children = (
				BC659B371D9521BB00947E12 /* STPickerView.h */,
				BC659B381D9521BB00947E12 /* STPickerView.m */,
			);
			path = STPickerView;
			sourceTree = "<group>";
		};
		BC659B3A1D95240500947E12 /* Date(日期) */ = {
			isa = PBXGroup;
			children = (
				BC659B3B1D95240500947E12 /* NSCalendar+ST.h */,
				BC659B3C1D95240500947E12 /* NSCalendar+ST.m */,
				BC659B3D1D95240500947E12 /* STPickerDate.h */,
				BC659B3E1D95240500947E12 /* STPickerDate.m */,
			);
			path = "Date(日期)";
			sourceTree = "<group>";
		};
		BC659B411D95244700947E12 /* STConfig */ = {
			isa = PBXGroup;
			children = (
				BC659B421D95244700947E12 /* STConfig.h */,
				BC659B431D95244700947E12 /* STConst.h */,
				BC659B441D95244700947E12 /* STConst.m */,
				BC659B451D95244700947E12 /* STUI.h */,
				BC659B461D95244700947E12 /* STUI.m */,
				BC659B471D95244700947E12 /* UIView+ST.h */,
				BC659B481D95244700947E12 /* UIView+ST.m */,
			);
			path = STConfig;
			sourceTree = "<group>";
		};
		BC669EA21D91217800892ED0 = {
			isa = PBXGroup;
			children = (
				BC8127401D9157B0004051F8 /* MyBridge.h */,
				BC669EAD1D91217800892ED0 /* Take_the_find */,
				BC669EAC1D91217800892ED0 /* Products */,
				10EE57C00A093EA0578E27C6 /* Pods */,
				B5A874F80AD52E14D36528A4 /* Frameworks */,
			);
			sourceTree = "<group>";
		};
		BC669EAC1D91217800892ED0 /* Products */ = {
			isa = PBXGroup;
			children = (
				BC669EAB1D91217800892ED0 /* Take_the_find.app */,
			);
			name = Products;
			sourceTree = "<group>";
		};
		BC669EAD1D91217800892ED0 /* Take_the_find */ = {
			isa = PBXGroup;
			children = (
				BC6A39DC1D9270F700025A4C /* class */,
				BC669EB51D91217800892ED0 /* Assets.xcassets */,
				BC669EB71D91217800892ED0 /* LaunchScreen.storyboard */,
				BC669EBA1D91217800892ED0 /* Info.plist */,
			);
			path = Take_the_find;
			sourceTree = "<group>";
		};
		BC6A39DC1D9270F700025A4C /* class */ = {
			isa = PBXGroup;
			children = (
				BC659B161D95209A00947E12 /* tools */,
				BC6A39DD1D9270F700025A4C /* common */,
				BC6A39E01D9270F700025A4C /* Joke */,
				BC6A39E51D9270F700025A4C /* Main */,
				BC6A39E81D9270F700025A4C /* Myinfo */,
				BC6A39ED1D9270F700025A4C /* Picture */,
				BC6A3A681D9270F700025A4C /* Videos */,
			);
			path = class;
			sourceTree = "<group>";
		};
		BC6A39DD1D9270F700025A4C /* common */ = {
			isa = PBXGroup;
			children = (
				BC6A39DE1D9270F700025A4C /* Constant.swift */,
				BC6A39DF1D9270F700025A4C /* GUOBaseViewController.swift */,
			);
			path = common;
			sourceTree = "<group>";
		};
		BC6A39E01D9270F700025A4C /* Joke */ = {
			isa = PBXGroup;
			children = (
				BC6A39E11D9270F700025A4C /* Controller */,
				BC6A39E31D9270F700025A4C /* model */,
				BC6A39E41D9270F700025A4C /* views */,
			);
			path = Joke;
			sourceTree = "<group>";
		};
		BC6A39E11D9270F700025A4C /* Controller */ = {
			isa = PBXGroup;
			children = (
				BC6A39E21D9270F700025A4C /* GUOJokeViewController.swift */,
				BC5CB1071D991AEA00A57B17 /* GUODNextViewController.swift */,
				BC5CB10D1D9947B900A57B17 /* GUOJokeSuperViewController.swift */,
				BC1A3E101D9A940B004258CF /* GUOCommitViewController.swift */,
			);
			path = Controller;
			sourceTree = "<group>";
		};
		BC6A39E31D9270F700025A4C /* model */ = {
			isa = PBXGroup;
			children = (
				BC5CB1011D98F85900A57B17 /* DuanZModel.swift */,
				BC1A3E121D9A9509004258CF /* GUOCommitModel.swift */,
			);
			path = model;
			sourceTree = "<group>";
		};
		BC6A39E41D9270F700025A4C /* views */ = {
			isa = PBXGroup;
			children = (
				BC5CB1031D99077200A57B17 /* GUODuanZiTableViewCell.swift */,
				BC5CB1041D99077200A57B17 /* GUODuanZiTableViewCell.xib */,
				BC1A3E0C1D9A8971004258CF /* GUODZDetailview.swift */,
				BC1A3E0E1D9A8981004258CF /* GUODZDetailview.xib */,
				BC18C9BA1D9AA01E002AE6E8 /* GUOCommitCell.swift */,
				BC18C9BB1D9AA01E002AE6E8 /* GUOCommitCell.xib */,
			);
			path = views;
			sourceTree = "<group>";
		};
		BC6A39E51D9270F700025A4C /* Main */ = {
			isa = PBXGroup;
			children = (
				BC6A39E61D9270F700025A4C /* AppDelegate.swift */,
				BC6A39E71D9270F700025A4C /* GUOTabBarViewController.swift */,
			);
			path = Main;
			sourceTree = "<group>";
		};
		BC6A39E81D9270F700025A4C /* Myinfo */ = {
			isa = PBXGroup;
			children = (
				BC659B171D95218D00947E12 /* views */,
				BC6A39E91D9270F700025A4C /* Controller */,
				BC6A39EB1D9270F700025A4C /* model */,
			);
			path = Myinfo;
			sourceTree = "<group>";
		};
		BC6A39E91D9270F700025A4C /* Controller */ = {
			isa = PBXGroup;
			children = (
				BC6A39EA1D9270F700025A4C /* GUOMyinfoViewController.swift */,
				BC659B341D95219E00947E12 /* Mine.plist */,
			);
			path = Controller;
			sourceTree = "<group>";
		};
		BC6A39EB1D9270F700025A4C /* model */ = {
			isa = PBXGroup;
			children = (
				BC4EF37F1D93AA0100748931 /* LoginAndResgiest.swift */,
			);
			path = model;
			sourceTree = "<group>";
		};
		BC6A39ED1D9270F700025A4C /* Picture */ = {
			isa = PBXGroup;
			children = (
				BC6A39EE1D9270F700025A4C /* Controller */,
				BC6A39F41D9270F700025A4C /* Models */,
				BC6A39F61D9270F700025A4C /* View */,
			);
			path = Picture;
			sourceTree = "<group>";
		};
		BC6A39EE1D9270F700025A4C /* Controller */ = {
			isa = PBXGroup;
			children = (
				BC6A39EF1D9270F700025A4C /* GUOSerachDetailViewController.swift */,
				BC6A39F01D9270F700025A4C /* NextViewController.swift */,
				BC6A39F11D9270F700025A4C /* PictureCollectionController.swift */,
				BC6A39F21D9270F700025A4C /* PictureSearchViewController.swift */,
				BC6A39F31D9270F700025A4C /* PictureViewController.swift */,
			);
			path = Controller;
			sourceTree = "<group>";
		};
		BC6A39F41D9270F700025A4C /* Models */ = {
			isa = PBXGroup;
			children = (
				BC6A39F51D9270F700025A4C /* PictureModel.swift */,
			);
			path = Models;
			sourceTree = "<group>";
		};
		BC6A39F61D9270F700025A4C /* View */ = {
			isa = PBXGroup;
			children = (
				BC6A39F71D9270F700025A4C /* GUOPictureSearchCell.swift */,
				BC6A39F81D9270F700025A4C /* PictureCollectionCell.swift */,
				BC6A39F91D9270F700025A4C /* PictureCollectionCell.xib */,
			);
			path = View;
			sourceTree = "<group>";
		};
		BC6A3A681D9270F700025A4C /* Videos */ = {
			isa = PBXGroup;
			children = (
				BC6A3A691D9270F700025A4C /* Controller */,
				BC6A3A6B1D9270F700025A4C /* model */,
				BC6A3A6C1D9270F700025A4C /* views */,
			);
			path = Videos;
			sourceTree = "<group>";
		};
		BC6A3A691D9270F700025A4C /* Controller */ = {
			isa = PBXGroup;
			children = (
				BC6A3A6A1D9270F700025A4C /* GUOVideosViewController.swift */,
				BC2236CB1D96138C00D87BAA /* GUONextVideoViewController.swift */,
			);
			path = Controller;
			sourceTree = "<group>";
		};
		BC6A3A6B1D9270F700025A4C /* model */ = {
			isa = PBXGroup;
			children = (
				BC6A3AAE1D92714A00025A4C /* VideoModel.swift */,
			);
			path = model;
			sourceTree = "<group>";
		};
		BC6A3A6C1D9270F700025A4C /* views */ = {
			isa = PBXGroup;
			children = (
				BC6A3AD21D929CF500025A4C /* GUOVideoViewCell.swift */,
				BC6A3AD41D929D1A00025A4C /* GUOVideoDetailCell.swift */,
				BC6A3AD51D929D1A00025A4C /* GUOVideoDetailCell.xib */,
				BC6A3AD81D92C15B00025A4C /* GUOHeadView.swift */,
				BC6A3ADA1D92C16A00025A4C /* GUOHeadView.xib */,
				BCD1BCD51D964A7D0020E146 /* GUOVideoHead.xib */,
			);
			path = views;
			sourceTree = "<group>";
		};
		BCD1BCE11D9679DE0020E146 /* WMPlayer */ = {
			isa = PBXGroup;
			children = (
				BCD1BCE21D9679DE0020E146 /* WMPlayer.bundle */,
				BCD1BCE31D9679DE0020E146 /* WMPlayer.h */,
				BCD1BCE41D9679DE0020E146 /* WMPlayer.m */,
			);
			path = WMPlayer;
			sourceTree = "<group>";
		};
/* End PBXGroup section */

/* Begin PBXNativeTarget section */
		BC669EAA1D91217800892ED0 /* Take_the_find */ = {
			isa = PBXNativeTarget;
			buildConfigurationList = BC669EBD1D91217800892ED0 /* Build configuration list for PBXNativeTarget "Take_the_find" */;
			buildPhases = (
				F94D99314D6EC84C03859139 /* [CP] Check Pods Manifest.lock */,
				BC669EA71D91217800892ED0 /* Sources */,
				BC669EA81D91217800892ED0 /* Frameworks */,
				BC669EA91D91217800892ED0 /* Resources */,
				5D200B0638AE4BB2561B5CAD /* [CP] Embed Pods Frameworks */,
				EDFB34F51D8B9FA87879459C /* [CP] Copy Pods Resources */,
			);
			buildRules = (
			);
			dependencies = (
			);
			name = Take_the_find;
			productName = Take_the_find;
			productReference = BC669EAB1D91217800892ED0 /* Take_the_find.app */;
			productType = "com.apple.product-type.application";
		};
/* End PBXNativeTarget section */

/* Begin PBXProject section */
		BC669EA31D91217800892ED0 /* Project object */ = {
			isa = PBXProject;
			attributes = {
				CLASSPREFIX = GUO;
				LastSwiftUpdateCheck = 0730;
				LastUpgradeCheck = 0730;
				ORGANIZATIONNAME = "郭磊";
				TargetAttributes = {
					BC669EAA1D91217800892ED0 = {
						CreatedOnToolsVersion = 7.3.1;
						DevelopmentTeam = 8RRZ2YARR8;
					};
				};
			};
			buildConfigurationList = BC669EA61D91217800892ED0 /* Build configuration list for PBXProject "Take_the_find" */;
			compatibilityVersion = "Xcode 3.2";
			developmentRegion = English;
			hasScannedForEncodings = 0;
			knownRegions = (
				en,
				Base,
			);
			mainGroup = BC669EA21D91217800892ED0;
			productRefGroup = BC669EAC1D91217800892ED0 /* Products */;
			projectDirPath = "";
			projectRoot = "";
			targets = (
				BC669EAA1D91217800892ED0 /* Take_the_find */,
			);
		};
/* End PBXProject section */

/* Begin PBXResourcesBuildPhase section */
		BC669EA91D91217800892ED0 /* Resources */ = {
			isa = PBXResourcesBuildPhase;
			buildActionMask = 2147483647;
			files = (
				BC6A3ADB1D92C16A00025A4C /* GUOHeadView.xib in Resources */,
				BC1A3E0F1D9A8981004258CF /* GUODZDetailview.xib in Resources */,
				BC659B281D95218D00947E12 /* alertSex.xib in Resources */,
				BC6A3AD71D929D1A00025A4C /* GUOVideoDetailCell.xib in Resources */,
				BC18C9BD1D9AA01E002AE6E8 /* GUOCommitCell.xib in Resources */,
				BC5CB1061D99077200A57B17 /* GUODuanZiTableViewCell.xib in Resources */,
				BC659B511D9530C500947E12 /* alterPicview.xib in Resources */,
				BC659B4D1D952BE900947E12 /* NickViewxib.xib in Resources */,
				BCD1BCD61D964A7D0020E146 /* GUOVideoHead.xib in Resources */,
				BC659B351D95219E00947E12 /* Mine.plist in Resources */,
				BC669EB91D91217800892ED0 /* LaunchScreen.storyboard in Resources */,
				BCD1BCE51D9679DE0020E146 /* WMPlayer.bundle in Resources */,
				BC659B531D95418000947E12 /* alterPassword.xib in Resources */,
				BC659B2C1D95218D00947E12 /* GUOMessageViewController.xib in Resources */,
				BC659B4F1D952E5400947E12 /* SignatureView.xib in Resources */,
				BC659B2E1D95218D00947E12 /* GUOLoginViewController.xib in Resources */,
				BC669EB61D91217800892ED0 /* Assets.xcassets in Resources */,
				BC6A3A7B1D9270F700025A4C /* PictureCollectionCell.xib in Resources */,
				BC659B301D95218D00947E12 /* NewUserController.xib in Resources */,
			);
			runOnlyForDeploymentPostprocessing = 0;
		};
/* End PBXResourcesBuildPhase section */

/* Begin PBXShellScriptBuildPhase section */
		5D200B0638AE4BB2561B5CAD /* [CP] Embed Pods Frameworks */ = {
			isa = PBXShellScriptBuildPhase;
			buildActionMask = 2147483647;
			files = (
			);
			inputPaths = (
			);
			name = "[CP] Embed Pods Frameworks";
			outputPaths = (
			);
			runOnlyForDeploymentPostprocessing = 0;
			shellPath = /bin/sh;
			shellScript = "\"${SRCROOT}/Pods/Target Support Files/Pods-Take_the_find/Pods-Take_the_find-frameworks.sh\"\n";
			showEnvVarsInLog = 0;
		};
		EDFB34F51D8B9FA87879459C /* [CP] Copy Pods Resources */ = {
			isa = PBXShellScriptBuildPhase;
			buildActionMask = 2147483647;
			files = (
			);
			inputPaths = (
			);
			name = "[CP] Copy Pods Resources";
			outputPaths = (
			);
			runOnlyForDeploymentPostprocessing = 0;
			shellPath = /bin/sh;
			shellScript = "\"${SRCROOT}/Pods/Target Support Files/Pods-Take_the_find/Pods-Take_the_find-resources.sh\"\n";
			showEnvVarsInLog = 0;
		};
		F94D99314D6EC84C03859139 /* [CP] Check Pods Manifest.lock */ = {
			isa = PBXShellScriptBuildPhase;
			buildActionMask = 2147483647;
			files = (
			);
			inputPaths = (
			);
			name = "[CP] Check Pods Manifest.lock";
			outputPaths = (
			);
			runOnlyForDeploymentPostprocessing = 0;
			shellPath = /bin/sh;
			shellScript = "diff \"${PODS_ROOT}/../Podfile.lock\" \"${PODS_ROOT}/Manifest.lock\" > /dev/null\nif [[ $? != 0 ]] ; then\n    cat << EOM\nerror: The sandbox is not in sync with the Podfile.lock. Run 'pod install' or update your CocoaPods installation.\nEOM\n    exit 1\nfi\n";
			showEnvVarsInLog = 0;
		};
/* End PBXShellScriptBuildPhase section */

/* Begin PBXSourcesBuildPhase section */
		BC669EA71D91217800892ED0 /* Sources */ = {
			isa = PBXSourcesBuildPhase;
			buildActionMask = 2147483647;
			files = (
				BC6A3A701D9270F700025A4C /* AppDelegate.swift in Sources */,
				BC4EF3801D93AA0100748931 /* LoginAndResgiest.swift in Sources */,
				BC659B2D1D95218D00947E12 /* GUOLoginViewController.swift in Sources */,
				BC6A3A771D9270F700025A4C /* PictureViewController.swift in Sources */,
				BC6A3A741D9270F700025A4C /* NextViewController.swift in Sources */,
				BC5CB0FD1D98B2FD00A57B17 /* CFDanmakuView.m in Sources */,
				BC659B321D95218D00947E12 /* MyPresententContrller.swift in Sources */,
				BC659B331D95218D00947E12 /* PresentAnimation.swift in Sources */,
				BC659B401D95240500947E12 /* STPickerDate.m in Sources */,
				BC659B311D95218D00947E12 /* DisMissAnimation.swift in Sources */,
				BC6A3A791D9270F700025A4C /* GUOPictureSearchCell.swift in Sources */,
				BC6A3A731D9270F700025A4C /* GUOSerachDetailViewController.swift in Sources */,
				BC6A3AAD1D9270F700025A4C /* GUOVideosViewController.swift in Sources */,
				BC6A3AD31D929CF500025A4C /* GUOVideoViewCell.swift in Sources */,
				BC6A3A6D1D9270F700025A4C /* Constant.swift in Sources */,
				BC659B2F1D95218D00947E12 /* NewUserController.swift in Sources */,
				BC6A3AD91D92C15B00025A4C /* GUOHeadView.swift in Sources */,
				BC659B291D95218D00947E12 /* GUOalertSexViewController.swift in Sources */,
				BC5CB10E1D9947B900A57B17 /* GUOJokeSuperViewController.swift in Sources */,
				BC5CB1021D98F85900A57B17 /* DuanZModel.swift in Sources */,
				BC5CB0FB1D98B2FD00A57B17 /* CFDanmaku.m in Sources */,
				BC6A3A751D9270F700025A4C /* PictureCollectionController.swift in Sources */,
				BC659B491D95244700947E12 /* STConst.m in Sources */,
				BC6A3A781D9270F700025A4C /* PictureModel.swift in Sources */,
				BC659B391D9521BB00947E12 /* STPickerView.m in Sources */,
				BC659B4B1D95244700947E12 /* UIView+ST.m in Sources */,
				BC6A3AAF1D92714A00025A4C /* VideoModel.swift in Sources */,
				BC5CB0FC1D98B2FD00A57B17 /* CFDanmakuInfo.m in Sources */,
				BC5CB1081D991AEA00A57B17 /* GUODNextViewController.swift in Sources */,
				BC1A3E0D1D9A8971004258CF /* GUODZDetailview.swift in Sources */,
				BC6A3A7A1D9270F700025A4C /* PictureCollectionCell.swift in Sources */,
				BC6A3AD61D929D1A00025A4C /* GUOVideoDetailCell.swift in Sources */,
				BC659B2B1D95218D00947E12 /* GUOMessageViewController.swift in Sources */,
				BCD1BCE61D9679DE0020E146 /* WMPlayer.m in Sources */,
				BC18C9BC1D9AA01E002AE6E8 /* GUOCommitCell.swift in Sources */,
				BC2236CC1D96138C00D87BAA /* GUONextVideoViewController.swift in Sources */,
				BC659B3F1D95240500947E12 /* NSCalendar+ST.m in Sources */,
				BC6A3A711D9270F700025A4C /* GUOTabBarViewController.swift in Sources */,
				BC659B2A1D95218D00947E12 /* GUOmessageDetailViewController.swift in Sources */,
				BC5CB1001D98E5A100A57B17 /* SJWaveView.m in Sources */,
				BC5CB1051D99077200A57B17 /* GUODuanZiTableViewCell.swift in Sources */,
				BC6A3A6F1D9270F700025A4C /* GUOJokeViewController.swift in Sources */,
				BC6A3A721D9270F700025A4C /* GUOMyinfoViewController.swift in Sources */,
				BC6A3A6E1D9270F700025A4C /* GUOBaseViewController.swift in Sources */,
				BC1A3E131D9A9509004258CF /* GUOCommitModel.swift in Sources */,
				BC6A3A761D9270F700025A4C /* PictureSearchViewController.swift in Sources */,
				BC659B4A1D95244700947E12 /* STUI.m in Sources */,
				BC1A3E111D9A940C004258CF /* GUOCommitViewController.swift in Sources */,
			);
			runOnlyForDeploymentPostprocessing = 0;
		};
/* End PBXSourcesBuildPhase section */

/* Begin PBXVariantGroup section */
		BC669EB71D91217800892ED0 /* LaunchScreen.storyboard */ = {
			isa = PBXVariantGroup;
			children = (
				BC669EB81D91217800892ED0 /* Base */,
				BC8127331D912A58004051F8 /* zh-Hans */,
			);
			name = LaunchScreen.storyboard;
			sourceTree = "<group>";
		};
/* End PBXVariantGroup section */

/* Begin XCBuildConfiguration section */
		BC669EBB1D91217800892ED0 /* Debug */ = {
			isa = XCBuildConfiguration;
			buildSettings = {
				ALWAYS_SEARCH_USER_PATHS = NO;
				CLANG_ANALYZER_NONNULL = YES;
				CLANG_CXX_LANGUAGE_STANDARD = "gnu++0x";
				CLANG_CXX_LIBRARY = "libc++";
				CLANG_ENABLE_MODULES = YES;
				CLANG_ENABLE_OBJC_ARC = YES;
				CLANG_WARN_BOOL_CONVERSION = YES;
				CLANG_WARN_CONSTANT_CONVERSION = YES;
				CLANG_WARN_DIRECT_OBJC_ISA_USAGE = YES_ERROR;
				CLANG_WARN_EMPTY_BODY = YES;
				CLANG_WARN_ENUM_CONVERSION = YES;
				CLANG_WARN_INT_CONVERSION = YES;
				CLANG_WARN_OBJC_ROOT_CLASS = YES_ERROR;
				CLANG_WARN_UNREACHABLE_CODE = YES;
				CLANG_WARN__DUPLICATE_METHOD_MATCH = YES;
				"CODE_SIGN_IDENTITY[sdk=iphoneos*]" = "iPhone Developer";
				COPY_PHASE_STRIP = NO;
				DEBUG_INFORMATION_FORMAT = dwarf;
				ENABLE_STRICT_OBJC_MSGSEND = YES;
				ENABLE_TESTABILITY = YES;
				GCC_C_LANGUAGE_STANDARD = gnu99;
				GCC_DYNAMIC_NO_PIC = NO;
				GCC_NO_COMMON_BLOCKS = YES;
				GCC_OPTIMIZATION_LEVEL = 0;
				GCC_PREPROCESSOR_DEFINITIONS = (
					"DEBUG=1",
					"$(inherited)",
				);
				GCC_WARN_64_TO_32_BIT_CONVERSION = YES;
				GCC_WARN_ABOUT_RETURN_TYPE = YES_ERROR;
				GCC_WARN_UNDECLARED_SELECTOR = YES;
				GCC_WARN_UNINITIALIZED_AUTOS = YES_AGGRESSIVE;
				GCC_WARN_UNUSED_FUNCTION = YES;
				GCC_WARN_UNUSED_VARIABLE = YES;
				IPHONEOS_DEPLOYMENT_TARGET = 9.3;
				MTL_ENABLE_DEBUG_INFO = YES;
				ONLY_ACTIVE_ARCH = YES;
				SDKROOT = iphoneos;
				SWIFT_OPTIMIZATION_LEVEL = "-Onone";
			};
			name = Debug;
		};
		BC669EBC1D91217800892ED0 /* Release */ = {
			isa = XCBuildConfiguration;
			buildSettings = {
				ALWAYS_SEARCH_USER_PATHS = NO;
				CLANG_ANALYZER_NONNULL = YES;
				CLANG_CXX_LANGUAGE_STANDARD = "gnu++0x";
				CLANG_CXX_LIBRARY = "libc++";
				CLANG_ENABLE_MODULES = YES;
				CLANG_ENABLE_OBJC_ARC = YES;
				CLANG_WARN_BOOL_CONVERSION = YES;
				CLANG_WARN_CONSTANT_CONVERSION = YES;
				CLANG_WARN_DIRECT_OBJC_ISA_USAGE = YES_ERROR;
				CLANG_WARN_EMPTY_BODY = YES;
				CLANG_WARN_ENUM_CONVERSION = YES;
				CLANG_WARN_INT_CONVERSION = YES;
				CLANG_WARN_OBJC_ROOT_CLASS = YES_ERROR;
				CLANG_WARN_UNREACHABLE_CODE = YES;
				CLANG_WARN__DUPLICATE_METHOD_MATCH = YES;
				"CODE_SIGN_IDENTITY[sdk=iphoneos*]" = "iPhone Developer";
				COPY_PHASE_STRIP = NO;
				DEBUG_INFORMATION_FORMAT = "dwarf-with-dsym";
				ENABLE_NS_ASSERTIONS = NO;
				ENABLE_STRICT_OBJC_MSGSEND = YES;
				GCC_C_LANGUAGE_STANDARD = gnu99;
				GCC_NO_COMMON_BLOCKS = YES;
				GCC_WARN_64_TO_32_BIT_CONVERSION = YES;
				GCC_WARN_ABOUT_RETURN_TYPE = YES_ERROR;
				GCC_WARN_UNDECLARED_SELECTOR = YES;
				GCC_WARN_UNINITIALIZED_AUTOS = YES_AGGRESSIVE;
				GCC_WARN_UNUSED_FUNCTION = YES;
				GCC_WARN_UNUSED_VARIABLE = YES;
				IPHONEOS_DEPLOYMENT_TARGET = 9.3;
				MTL_ENABLE_DEBUG_INFO = NO;
				SDKROOT = iphoneos;
				VALIDATE_PRODUCT = YES;
			};
			name = Release;
		};
		BC669EBE1D91217800892ED0 /* Debug */ = {
			isa = XCBuildConfiguration;
			baseConfigurationReference = 4C2353E39C584E82632A735A /* Pods-Take_the_find.debug.xcconfig */;
			buildSettings = {
				ASSETCATALOG_COMPILER_APPICON_NAME = AppIcon;
				CODE_SIGN_IDENTITY = "iPhone Developer";
				INFOPLIST_FILE = Take_the_find/Info.plist;
				IPHONEOS_DEPLOYMENT_TARGET = 8.3;
				LD_RUNPATH_SEARCH_PATHS = "$(inherited) @executable_path/Frameworks";
				PRODUCT_BUNDLE_IDENTIFIER = "com.QF.Take-the-find";
				PRODUCT_NAME = "$(TARGET_NAME)";
				SWIFT_OBJC_BRIDGING_HEADER = MyBridge.h;
			};
			name = Debug;
		};
		BC669EBF1D91217800892ED0 /* Release */ = {
			isa = XCBuildConfiguration;
			baseConfigurationReference = 7B742CEE365AC36F5C69F048 /* Pods-Take_the_find.release.xcconfig */;
			buildSettings = {
				ASSETCATALOG_COMPILER_APPICON_NAME = AppIcon;
				CODE_SIGN_IDENTITY = "iPhone Developer";
				INFOPLIST_FILE = Take_the_find/Info.plist;
				IPHONEOS_DEPLOYMENT_TARGET = 8.3;
				LD_RUNPATH_SEARCH_PATHS = "$(inherited) @executable_path/Frameworks";
				PRODUCT_BUNDLE_IDENTIFIER = "com.QF.Take-the-find";
				PRODUCT_NAME = "$(TARGET_NAME)";
				SWIFT_OBJC_BRIDGING_HEADER = MyBridge.h;
			};
			name = Release;
		};
/* End XCBuildConfiguration section */

/* Begin XCConfigurationList section */
		BC669EA61D91217800892ED0 /* Build configuration list for PBXProject "Take_the_find" */ = {
			isa = XCConfigurationList;
			buildConfigurations = (
				BC669EBB1D91217800892ED0 /* Debug */,
				BC669EBC1D91217800892ED0 /* Release */,
			);
			defaultConfigurationIsVisible = 0;
			defaultConfigurationName = Release;
		};
		BC669EBD1D91217800892ED0 /* Build configuration list for PBXNativeTarget "Take_the_find" */ = {
			isa = XCConfigurationList;
			buildConfigurations = (
				BC669EBE1D91217800892ED0 /* Debug */,
				BC669EBF1D91217800892ED0 /* Release */,
			);
			defaultConfigurationIsVisible = 0;
			defaultConfigurationName = Release;
		};
/* End XCConfigurationList section */
	};
	rootObject = BC669EA31D91217800892ED0 /* Project object */;
}
